// !$*UTF8*$!
{
	archiveVersion = 1;
	classes = {
	};
	objectVersion = 50;
	objects = {

/* Begin PBXBuildFile section */
		4E207AE221A1D2D1007005A4 /* SelectCategoryViewController.swift in Sources */ = {isa = PBXBuildFile; fileRef = 4E207AE121A1D2D1007005A4 /* SelectCategoryViewController.swift */; };
		4E207AE421A46840007005A4 /* Constants.swift in Sources */ = {isa = PBXBuildFile; fileRef = 4E207AE321A46840007005A4 /* Constants.swift */; };
		4E207AE621A46C4C007005A4 /* SelectSubjectViewController.swift in Sources */ = {isa = PBXBuildFile; fileRef = 4E207AE521A46C4C007005A4 /* SelectSubjectViewController.swift */; };
		4E207AE821A47B2A007005A4 /* SelectDescriptionViewController.swift in Sources */ = {isa = PBXBuildFile; fileRef = 4E207AE721A47B2A007005A4 /* SelectDescriptionViewController.swift */; };
		4E207AEA21A47D01007005A4 /* SelectHourlyPayViewController.swift in Sources */ = {isa = PBXBuildFile; fileRef = 4E207AE921A47D01007005A4 /* SelectHourlyPayViewController.swift */; };
		4E207AEC21A5CA37007005A4 /* Post.swift in Sources */ = {isa = PBXBuildFile; fileRef = 4E207AEB21A5CA37007005A4 /* Post.swift */; };
		4E4653042185584300B022E0 /* TutorCollectionViewCell.swift in Sources */ = {isa = PBXBuildFile; fileRef = 4E4653032185584300B022E0 /* TutorCollectionViewCell.swift */; };
		4E46530621855E3B00B022E0 /* TutorFlowLayout.swift in Sources */ = {isa = PBXBuildFile; fileRef = 4E46530521855E3B00B022E0 /* TutorFlowLayout.swift */; };
		4E46530921860A6B00B022E0 /* ProfileViewController.swift in Sources */ = {isa = PBXBuildFile; fileRef = 4E46530821860A6B00B022E0 /* ProfileViewController.swift */; };
		4E54B670217F97AB00576C0C /* AppDelegate.swift in Sources */ = {isa = PBXBuildFile; fileRef = 4E54B66F217F97AB00576C0C /* AppDelegate.swift */; };
		4E54B672217F97AB00576C0C /* LoginViewController.swift in Sources */ = {isa = PBXBuildFile; fileRef = 4E54B671217F97AB00576C0C /* LoginViewController.swift */; };
		4E54B675217F97AB00576C0C /* Main.storyboard in Resources */ = {isa = PBXBuildFile; fileRef = 4E54B673217F97AB00576C0C /* Main.storyboard */; };
		4E54B677217F97AD00576C0C /* Assets.xcassets in Resources */ = {isa = PBXBuildFile; fileRef = 4E54B676217F97AD00576C0C /* Assets.xcassets */; };
		4E54B67A217F97AD00576C0C /* LaunchScreen.storyboard in Resources */ = {isa = PBXBuildFile; fileRef = 4E54B678217F97AD00576C0C /* LaunchScreen.storyboard */; };
		4E54B685217F998F00576C0C /* MainFeedsViewController.swift in Sources */ = {isa = PBXBuildFile; fileRef = 4E54B684217F998F00576C0C /* MainFeedsViewController.swift */; };
		4E54B68721801F5100576C0C /* SignUpViewController.swift in Sources */ = {isa = PBXBuildFile; fileRef = 4E54B68621801F5100576C0C /* SignUpViewController.swift */; };
		4E563A2921B5A5C200ABDCF5 /* Messages.swift in Sources */ = {isa = PBXBuildFile; fileRef = 4E563A2821B5A5C200ABDCF5 /* Messages.swift */; };
		4E5F4C1B219399B80048E648 /* User.swift in Sources */ = {isa = PBXBuildFile; fileRef = 4E5F4C1A219399B80048E648 /* User.swift */; };
		4E5F4C1D21939B090048E648 /* Category.swift in Sources */ = {isa = PBXBuildFile; fileRef = 4E5F4C1C21939B090048E648 /* Category.swift */; };
		4E6BA40521AE26FE00477D3B /* ProfileTutorFlowLayout.swift in Sources */ = {isa = PBXBuildFile; fileRef = 4E6BA40421AE26FE00477D3B /* ProfileTutorFlowLayout.swift */; };
		4E8B79CC21B3223B00E4548F /* ChatLogViewController.swift in Sources */ = {isa = PBXBuildFile; fileRef = 4E8B79CB21B3223B00E4548F /* ChatLogViewController.swift */; };
		4EAFEEB421860FD200D6C4F9 /* CategoryCollectionViewCell.swift in Sources */ = {isa = PBXBuildFile; fileRef = 4EAFEEB321860FD200D6C4F9 /* CategoryCollectionViewCell.swift */; };
		4EAFEEB621860FE300D6C4F9 /* CategoryFlowLayout.swift in Sources */ = {isa = PBXBuildFile; fileRef = 4EAFEEB521860FE300D6C4F9 /* CategoryFlowLayout.swift */; };
		4EAFEEB821863E1400D6C4F9 /* OfferClassViewController.swift in Sources */ = {isa = PBXBuildFile; fileRef = 4EAFEEB721863E1400D6C4F9 /* OfferClassViewController.swift */; };
		4EAFEEBB21863E7600D6C4F9 /* OfferClassTableViewCell.swift in Sources */ = {isa = PBXBuildFile; fileRef = 4EAFEEBA21863E7600D6C4F9 /* OfferClassTableViewCell.swift */; };
		4EC217EB21908D5E00B711EF /* GoogleService-Info.plist in Resources */ = {isa = PBXBuildFile; fileRef = 4EC217EA21908D5E00B711EF /* GoogleService-Info.plist */; };
		DFDAFAC15A1E2A0047448A55 /* Pods_ProjectX.framework in Frameworks */ = {isa = PBXBuildFile; fileRef = 687C2A9BC8368201E978B7F3 /* Pods_ProjectX.framework */; };
/* End PBXBuildFile section */

/* Begin PBXFileReference section */
		4E207AE121A1D2D1007005A4 /* SelectCategoryViewController.swift */ = {isa = PBXFileReference; lastKnownFileType = sourcecode.swift; path = SelectCategoryViewController.swift; sourceTree = "<group>"; };
		4E207AE321A46840007005A4 /* Constants.swift */ = {isa = PBXFileReference; lastKnownFileType = sourcecode.swift; path = Constants.swift; sourceTree = "<group>"; };
		4E207AE521A46C4C007005A4 /* SelectSubjectViewController.swift */ = {isa = PBXFileReference; lastKnownFileType = sourcecode.swift; path = SelectSubjectViewController.swift; sourceTree = "<group>"; };
		4E207AE721A47B2A007005A4 /* SelectDescriptionViewController.swift */ = {isa = PBXFileReference; lastKnownFileType = sourcecode.swift; path = SelectDescriptionViewController.swift; sourceTree = "<group>"; };
		4E207AE921A47D01007005A4 /* SelectHourlyPayViewController.swift */ = {isa = PBXFileReference; lastKnownFileType = sourcecode.swift; path = SelectHourlyPayViewController.swift; sourceTree = "<group>"; };
		4E207AEB21A5CA37007005A4 /* Post.swift */ = {isa = PBXFileReference; lastKnownFileType = sourcecode.swift; path = Post.swift; sourceTree = "<group>"; };
		4E4653032185584300B022E0 /* TutorCollectionViewCell.swift */ = {isa = PBXFileReference; lastKnownFileType = sourcecode.swift; path = TutorCollectionViewCell.swift; sourceTree = "<group>"; };
		4E46530521855E3B00B022E0 /* TutorFlowLayout.swift */ = {isa = PBXFileReference; lastKnownFileType = sourcecode.swift; path = TutorFlowLayout.swift; sourceTree = "<group>"; };
		4E46530821860A6B00B022E0 /* ProfileViewController.swift */ = {isa = PBXFileReference; lastKnownFileType = sourcecode.swift; path = ProfileViewController.swift; sourceTree = "<group>"; };
		4E54B66C217F97AB00576C0C /* ProjectX.app */ = {isa = PBXFileReference; explicitFileType = wrapper.application; includeInIndex = 0; path = ProjectX.app; sourceTree = BUILT_PRODUCTS_DIR; };
		4E54B66F217F97AB00576C0C /* AppDelegate.swift */ = {isa = PBXFileReference; lastKnownFileType = sourcecode.swift; path = AppDelegate.swift; sourceTree = "<group>"; };
		4E54B671217F97AB00576C0C /* LoginViewController.swift */ = {isa = PBXFileReference; lastKnownFileType = sourcecode.swift; path = LoginViewController.swift; sourceTree = "<group>"; };
		4E54B674217F97AB00576C0C /* Base */ = {isa = PBXFileReference; lastKnownFileType = file.storyboard; name = Base; path = Base.lproj/Main.storyboard; sourceTree = "<group>"; };
		4E54B676217F97AD00576C0C /* Assets.xcassets */ = {isa = PBXFileReference; lastKnownFileType = folder.assetcatalog; path = Assets.xcassets; sourceTree = "<group>"; };
		4E54B679217F97AD00576C0C /* Base */ = {isa = PBXFileReference; lastKnownFileType = file.storyboard; name = Base; path = Base.lproj/LaunchScreen.storyboard; sourceTree = "<group>"; };
		4E54B67B217F97AD00576C0C /* Info.plist */ = {isa = PBXFileReference; lastKnownFileType = text.plist.xml; path = Info.plist; sourceTree = "<group>"; };
		4E54B684217F998F00576C0C /* MainFeedsViewController.swift */ = {isa = PBXFileReference; lastKnownFileType = sourcecode.swift; path = MainFeedsViewController.swift; sourceTree = "<group>"; };
		4E54B68621801F5100576C0C /* SignUpViewController.swift */ = {isa = PBXFileReference; lastKnownFileType = sourcecode.swift; path = SignUpViewController.swift; sourceTree = "<group>"; };
		4E563A2821B5A5C200ABDCF5 /* Messages.swift */ = {isa = PBXFileReference; lastKnownFileType = sourcecode.swift; path = Messages.swift; sourceTree = "<group>"; };
		4E5F4C1A219399B80048E648 /* User.swift */ = {isa = PBXFileReference; lastKnownFileType = sourcecode.swift; path = User.swift; sourceTree = "<group>"; };
		4E5F4C1C21939B090048E648 /* Category.swift */ = {isa = PBXFileReference; lastKnownFileType = sourcecode.swift; path = Category.swift; sourceTree = "<group>"; };
		4E6BA40421AE26FE00477D3B /* ProfileTutorFlowLayout.swift */ = {isa = PBXFileReference; lastKnownFileType = sourcecode.swift; path = ProfileTutorFlowLayout.swift; sourceTree = "<group>"; };
		4E8B79CB21B3223B00E4548F /* ChatLogViewController.swift */ = {isa = PBXFileReference; lastKnownFileType = sourcecode.swift; path = ChatLogViewController.swift; sourceTree = "<group>"; };
		4EAFEEB321860FD200D6C4F9 /* CategoryCollectionViewCell.swift */ = {isa = PBXFileReference; lastKnownFileType = sourcecode.swift; path = CategoryCollectionViewCell.swift; sourceTree = "<group>"; };
		4EAFEEB521860FE300D6C4F9 /* CategoryFlowLayout.swift */ = {isa = PBXFileReference; lastKnownFileType = sourcecode.swift; path = CategoryFlowLayout.swift; sourceTree = "<group>"; };
		4EAFEEB721863E1400D6C4F9 /* OfferClassViewController.swift */ = {isa = PBXFileReference; lastKnownFileType = sourcecode.swift; path = OfferClassViewController.swift; sourceTree = "<group>"; };
		4EAFEEBA21863E7600D6C4F9 /* OfferClassTableViewCell.swift */ = {isa = PBXFileReference; lastKnownFileType = sourcecode.swift; path = OfferClassTableViewCell.swift; sourceTree = "<group>"; };
		4EC217EA21908D5E00B711EF /* GoogleService-Info.plist */ = {isa = PBXFileReference; fileEncoding = 4; lastKnownFileType = text.plist.xml; path = "GoogleService-Info.plist"; sourceTree = "<group>"; };
		687C2A9BC8368201E978B7F3 /* Pods_ProjectX.framework */ = {isa = PBXFileReference; explicitFileType = wrapper.framework; includeInIndex = 0; path = Pods_ProjectX.framework; sourceTree = BUILT_PRODUCTS_DIR; };
		79CE71A3EB434D621FD73BBC /* Pods-ProjectX.debug.xcconfig */ = {isa = PBXFileReference; includeInIndex = 1; lastKnownFileType = text.xcconfig; name = "Pods-ProjectX.debug.xcconfig"; path = "Pods/Target Support Files/Pods-ProjectX/Pods-ProjectX.debug.xcconfig"; sourceTree = "<group>"; };
		93F38F0E3D9FFBDF4E48D95A /* Pods-ProjectX.release.xcconfig */ = {isa = PBXFileReference; includeInIndex = 1; lastKnownFileType = text.xcconfig; name = "Pods-ProjectX.release.xcconfig"; path = "Pods/Target Support Files/Pods-ProjectX/Pods-ProjectX.release.xcconfig"; sourceTree = "<group>"; };
/* End PBXFileReference section */

/* Begin PBXFrameworksBuildPhase section */
		4E54B669217F97AB00576C0C /* Frameworks */ = {
			isa = PBXFrameworksBuildPhase;
			buildActionMask = 2147483647;
			files = (
				DFDAFAC15A1E2A0047448A55 /* Pods_ProjectX.framework in Frameworks */,
			);
			runOnlyForDeploymentPostprocessing = 0;
		};
/* End PBXFrameworksBuildPhase section */

/* Begin PBXGroup section */
		0EEEDB89E2F7495EB12C678B /* Frameworks */ = {
			isa = PBXGroup;
			children = (
				687C2A9BC8368201E978B7F3 /* Pods_ProjectX.framework */,
			);
			name = Frameworks;
			sourceTree = "<group>";
		};
		4E207AE021A1D2A5007005A4 /* OfferClassPopups */ = {
			isa = PBXGroup;
			children = (
				4EAFEEB721863E1400D6C4F9 /* OfferClassViewController.swift */,
				4E207AE121A1D2D1007005A4 /* SelectCategoryViewController.swift */,
				4E207AE521A46C4C007005A4 /* SelectSubjectViewController.swift */,
				4E207AE721A47B2A007005A4 /* SelectDescriptionViewController.swift */,
				4E207AE921A47D01007005A4 /* SelectHourlyPayViewController.swift */,
			);
			path = OfferClassPopups;
			sourceTree = "<group>";
		};
		4E54B663217F97AB00576C0C = {
			isa = PBXGroup;
			children = (
				4E54B66E217F97AB00576C0C /* ProjectX */,
				4E54B66D217F97AB00576C0C /* Products */,
				DCF7C5B60F080D7E7EC6E823 /* Pods */,
				0EEEDB89E2F7495EB12C678B /* Frameworks */,
			);
			sourceTree = "<group>";
		};
		4E54B66D217F97AB00576C0C /* Products */ = {
			isa = PBXGroup;
			children = (
				4E54B66C217F97AB00576C0C /* ProjectX.app */,
			);
			name = Products;
			sourceTree = "<group>";
		};
		4E54B66E217F97AB00576C0C /* ProjectX */ = {
			isa = PBXGroup;
			children = (
				4E5F4C19219399A00048E648 /* Model */,
				4EAFEEB921863E5D00D6C4F9 /* OfferClassTableView */,
				4EAFEEB221860FA100D6C4F9 /* CategoryCollectionView */,
				4EAFEEB121860F8A00D6C4F9 /* TutorCollectionView */,
				4E54B681217F98A700576C0C /* ViewControllers */,
				4E54B66F217F97AB00576C0C /* AppDelegate.swift */,
				4E54B673217F97AB00576C0C /* Main.storyboard */,
				4E54B676217F97AD00576C0C /* Assets.xcassets */,
				4E54B678217F97AD00576C0C /* LaunchScreen.storyboard */,
				4E54B67B217F97AD00576C0C /* Info.plist */,
				4EC217EA21908D5E00B711EF /* GoogleService-Info.plist */,
			);
			path = ProjectX;
			sourceTree = "<group>";
		};
		4E54B681217F98A700576C0C /* ViewControllers */ = {
			isa = PBXGroup;
			children = (
				4E54B684217F998F00576C0C /* MainFeedsViewController.swift */,
				4E8B79CB21B3223B00E4548F /* ChatLogViewController.swift */,
				4E46530821860A6B00B022E0 /* ProfileViewController.swift */,
				4E67C35821B094C4002A08BC /* Authentication */,
				4E207AE021A1D2A5007005A4 /* OfferClassPopups */,
			);
			path = ViewControllers;
			sourceTree = "<group>";
		};
		4E5F4C19219399A00048E648 /* Model */ = {
			isa = PBXGroup;
			children = (
				4E5F4C1A219399B80048E648 /* User.swift */,
				4E5F4C1C21939B090048E648 /* Category.swift */,
				4E207AE321A46840007005A4 /* Constants.swift */,
				4E207AEB21A5CA37007005A4 /* Post.swift */,
				4E563A2821B5A5C200ABDCF5 /* Messages.swift */,
			);
			path = Model;
			sourceTree = "<group>";
		};
		4E67C35821B094C4002A08BC /* Authentication */ = {
			isa = PBXGroup;
			children = (
				4E54B671217F97AB00576C0C /* LoginViewController.swift */,
				4E54B68621801F5100576C0C /* SignUpViewController.swift */,
			);
			path = Authentication;
			sourceTree = "<group>";
		};
		4EAFEEB121860F8A00D6C4F9 /* TutorCollectionView */ = {
			isa = PBXGroup;
			children = (
				4E46530521855E3B00B022E0 /* TutorFlowLayout.swift */,
				4E6BA40421AE26FE00477D3B /* ProfileTutorFlowLayout.swift */,
				4E4653032185584300B022E0 /* TutorCollectionViewCell.swift */,
			);
			path = TutorCollectionView;
			sourceTree = "<group>";
		};
		4EAFEEB221860FA100D6C4F9 /* CategoryCollectionView */ = {
			isa = PBXGroup;
			children = (
				4EAFEEB521860FE300D6C4F9 /* CategoryFlowLayout.swift */,
				4EAFEEB321860FD200D6C4F9 /* CategoryCollectionViewCell.swift */,
			);
			path = CategoryCollectionView;
			sourceTree = "<group>";
		};
		4EAFEEB921863E5D00D6C4F9 /* OfferClassTableView */ = {
			isa = PBXGroup;
			children = (
				4EAFEEBA21863E7600D6C4F9 /* OfferClassTableViewCell.swift */,
			);
			path = OfferClassTableView;
			sourceTree = "<group>";
		};
		DCF7C5B60F080D7E7EC6E823 /* Pods */ = {
			isa = PBXGroup;
			children = (
				79CE71A3EB434D621FD73BBC /* Pods-ProjectX.debug.xcconfig */,
				93F38F0E3D9FFBDF4E48D95A /* Pods-ProjectX.release.xcconfig */,
			);
			name = Pods;
			sourceTree = "<group>";
		};
/* End PBXGroup section */

/* Begin PBXNativeTarget section */
		4E54B66B217F97AB00576C0C /* ProjectX */ = {
			isa = PBXNativeTarget;
			buildConfigurationList = 4E54B67E217F97AD00576C0C /* Build configuration list for PBXNativeTarget "ProjectX" */;
			buildPhases = (
				39F635F2779F4BB8AD19979C /* [CP] Check Pods Manifest.lock */,
				4E54B668217F97AB00576C0C /* Sources */,
				4E54B669217F97AB00576C0C /* Frameworks */,
				4E54B66A217F97AB00576C0C /* Resources */,
				13E3947A2D0DB480EB4278DC /* [CP] Embed Pods Frameworks */,
			);
			buildRules = (
			);
			dependencies = (
			);
			name = ProjectX;
			productName = ProjectX;
			productReference = 4E54B66C217F97AB00576C0C /* ProjectX.app */;
			productType = "com.apple.product-type.application";
		};
/* End PBXNativeTarget section */

/* Begin PBXProject section */
		4E54B664217F97AB00576C0C /* Project object */ = {
			isa = PBXProject;
			attributes = {
				LastSwiftUpdateCheck = 1000;
				LastUpgradeCheck = 1000;
				ORGANIZATIONNAME = projectX;
				TargetAttributes = {
					4E54B66B217F97AB00576C0C = {
						CreatedOnToolsVersion = 10.0;
					};
				};
			};
			buildConfigurationList = 4E54B667217F97AB00576C0C /* Build configuration list for PBXProject "ProjectX" */;
			compatibilityVersion = "Xcode 9.3";
			developmentRegion = en;
			hasScannedForEncodings = 0;
			knownRegions = (
				en,
				Base,
			);
			mainGroup = 4E54B663217F97AB00576C0C;
			productRefGroup = 4E54B66D217F97AB00576C0C /* Products */;
			projectDirPath = "";
			projectRoot = "";
			targets = (
				4E54B66B217F97AB00576C0C /* ProjectX */,
			);
		};
/* End PBXProject section */

/* Begin PBXResourcesBuildPhase section */
		4E54B66A217F97AB00576C0C /* Resources */ = {
			isa = PBXResourcesBuildPhase;
			buildActionMask = 2147483647;
			files = (
				4E54B67A217F97AD00576C0C /* LaunchScreen.storyboard in Resources */,
				4EC217EB21908D5E00B711EF /* GoogleService-Info.plist in Resources */,
				4E54B677217F97AD00576C0C /* Assets.xcassets in Resources */,
				4E54B675217F97AB00576C0C /* Main.storyboard in Resources */,
			);
			runOnlyForDeploymentPostprocessing = 0;
		};
/* End PBXResourcesBuildPhase section */

/* Begin PBXShellScriptBuildPhase section */
		13E3947A2D0DB480EB4278DC /* [CP] Embed Pods Frameworks */ = {
			isa = PBXShellScriptBuildPhase;
			buildActionMask = 2147483647;
			files = (
			);
			inputFileListPaths = (
			);
			inputPaths = (
				"${SRCROOT}/Pods/Target Support Files/Pods-ProjectX/Pods-ProjectX-frameworks.sh",
				"${BUILT_PRODUCTS_DIR}/GTMSessionFetcher/GTMSessionFetcher.framework",
				"${BUILT_PRODUCTS_DIR}/GoogleUtilities/GoogleUtilities.framework",
				"${BUILT_PRODUCTS_DIR}/leveldb-library/leveldb.framework",
				"${BUILT_PRODUCTS_DIR}/nanopb/nanopb.framework",
			);
			name = "[CP] Embed Pods Frameworks";
			outputFileListPaths = (
			);
			outputPaths = (
				"${TARGET_BUILD_DIR}/${FRAMEWORKS_FOLDER_PATH}/GTMSessionFetcher.framework",
				"${TARGET_BUILD_DIR}/${FRAMEWORKS_FOLDER_PATH}/GoogleUtilities.framework",
				"${TARGET_BUILD_DIR}/${FRAMEWORKS_FOLDER_PATH}/leveldb.framework",
				"${TARGET_BUILD_DIR}/${FRAMEWORKS_FOLDER_PATH}/nanopb.framework",
			);
			runOnlyForDeploymentPostprocessing = 0;
			shellPath = /bin/sh;
			shellScript = "\"${SRCROOT}/Pods/Target Support Files/Pods-ProjectX/Pods-ProjectX-frameworks.sh\"\n";
			showEnvVarsInLog = 0;
		};
		39F635F2779F4BB8AD19979C /* [CP] Check Pods Manifest.lock */ = {
			isa = PBXShellScriptBuildPhase;
			buildActionMask = 2147483647;
			files = (
			);
			inputFileListPaths = (
			);
			inputPaths = (
				"${PODS_PODFILE_DIR_PATH}/Podfile.lock",
				"${PODS_ROOT}/Manifest.lock",
			);
			name = "[CP] Check Pods Manifest.lock";
			outputFileListPaths = (
			);
			outputPaths = (
				"$(DERIVED_FILE_DIR)/Pods-ProjectX-checkManifestLockResult.txt",
			);
			runOnlyForDeploymentPostprocessing = 0;
			shellPath = /bin/sh;
			shellScript = "diff \"${PODS_PODFILE_DIR_PATH}/Podfile.lock\" \"${PODS_ROOT}/Manifest.lock\" > /dev/null\nif [ $? != 0 ] ; then\n    # print error to STDERR\n    echo \"error: The sandbox is not in sync with the Podfile.lock. Run 'pod install' or update your CocoaPods installation.\" >&2\n    exit 1\nfi\n# This output is used by Xcode 'outputs' to avoid re-running this script phase.\necho \"SUCCESS\" > \"${SCRIPT_OUTPUT_FILE_0}\"\n";
			showEnvVarsInLog = 0;
		};
/* End PBXShellScriptBuildPhase section */

/* Begin PBXSourcesBuildPhase section */
		4E54B668217F97AB00576C0C /* Sources */ = {
			isa = PBXSourcesBuildPhase;
			buildActionMask = 2147483647;
			files = (
				4E5F4C1B219399B80048E648 /* User.swift in Sources */,
				4E54B672217F97AB00576C0C /* LoginViewController.swift in Sources */,
				4EAFEEB621860FE300D6C4F9 /* CategoryFlowLayout.swift in Sources */,
				4E4653042185584300B022E0 /* TutorCollectionViewCell.swift in Sources */,
				4EAFEEB821863E1400D6C4F9 /* OfferClassViewController.swift in Sources */,
				4E54B685217F998F00576C0C /* MainFeedsViewController.swift in Sources */,
				4E207AE621A46C4C007005A4 /* SelectSubjectViewController.swift in Sources */,
				4E207AE421A46840007005A4 /* Constants.swift in Sources */,
				4E207AE821A47B2A007005A4 /* SelectDescriptionViewController.swift in Sources */,
				4EAFEEB421860FD200D6C4F9 /* CategoryCollectionViewCell.swift in Sources */,
				4EAFEEBB21863E7600D6C4F9 /* OfferClassTableViewCell.swift in Sources */,
				4E54B670217F97AB00576C0C /* AppDelegate.swift in Sources */,
				4E8B79CC21B3223B00E4548F /* ChatLogViewController.swift in Sources */,
				4E46530621855E3B00B022E0 /* TutorFlowLayout.swift in Sources */,
				4E207AEA21A47D01007005A4 /* SelectHourlyPayViewController.swift in Sources */,
				4E46530921860A6B00B022E0 /* ProfileViewController.swift in Sources */,
				4E207AE221A1D2D1007005A4 /* SelectCategoryViewController.swift in Sources */,
				4E563A2921B5A5C200ABDCF5 /* Messages.swift in Sources */,
				4E6BA40521AE26FE00477D3B /* ProfileTutorFlowLayout.swift in Sources */,
				4E207AEC21A5CA37007005A4 /* Post.swift in Sources */,
				4E54B68721801F5100576C0C /* SignUpViewController.swift in Sources */,
				4E5F4C1D21939B090048E648 /* Category.swift in Sources */,
			);
			runOnlyForDeploymentPostprocessing = 0;
		};
/* End PBXSourcesBuildPhase section */

/* Begin PBXVariantGroup section */
		4E54B673217F97AB00576C0C /* Main.storyboard */ = {
			isa = PBXVariantGroup;
			children = (
				4E54B674217F97AB00576C0C /* Base */,
			);
			name = Main.storyboard;
			sourceTree = "<group>";
		};
		4E54B678217F97AD00576C0C /* LaunchScreen.storyboard */ = {
			isa = PBXVariantGroup;
			children = (
				4E54B679217F97AD00576C0C /* Base */,
			);
			name = LaunchScreen.storyboard;
			sourceTree = "<group>";
		};
/* End PBXVariantGroup section */

/* Begin XCBuildConfiguration section */
		4E54B67C217F97AD00576C0C /* Debug */ = {
			isa = XCBuildConfiguration;
			buildSettings = {
				ALWAYS_SEARCH_USER_PATHS = NO;
				CLANG_ANALYZER_NONNULL = YES;
				CLANG_ANALYZER_NUMBER_OBJECT_CONVERSION = YES_AGGRESSIVE;
				CLANG_CXX_LANGUAGE_STANDARD = "gnu++14";
				CLANG_CXX_LIBRARY = "libc++";
				CLANG_ENABLE_MODULES = YES;
				CLANG_ENABLE_OBJC_ARC = YES;
				CLANG_ENABLE_OBJC_WEAK = YES;
				CLANG_WARN_BLOCK_CAPTURE_AUTORELEASING = YES;
				CLANG_WARN_BOOL_CONVERSION = YES;
				CLANG_WARN_COMMA = YES;
				CLANG_WARN_CONSTANT_CONVERSION = YES;
				CLANG_WARN_DEPRECATED_OBJC_IMPLEMENTATIONS = YES;
				CLANG_WARN_DIRECT_OBJC_ISA_USAGE = YES_ERROR;
				CLANG_WARN_DOCUMENTATION_COMMENTS = YES;
				CLANG_WARN_EMPTY_BODY = YES;
				CLANG_WARN_ENUM_CONVERSION = YES;
				CLANG_WARN_INFINITE_RECURSION = YES;
				CLANG_WARN_INT_CONVERSION = YES;
				CLANG_WARN_NON_LITERAL_NULL_CONVERSION = YES;
				CLANG_WARN_OBJC_IMPLICIT_RETAIN_SELF = YES;
				CLANG_WARN_OBJC_LITERAL_CONVERSION = YES;
				CLANG_WARN_OBJC_ROOT_CLASS = YES_ERROR;
				CLANG_WARN_RANGE_LOOP_ANALYSIS = YES;
				CLANG_WARN_STRICT_PROTOTYPES = YES;
				CLANG_WARN_SUSPICIOUS_MOVE = YES;
				CLANG_WARN_UNGUARDED_AVAILABILITY = YES_AGGRESSIVE;
				CLANG_WARN_UNREACHABLE_CODE = YES;
				CLANG_WARN__DUPLICATE_METHOD_MATCH = YES;
				CODE_SIGN_IDENTITY = "iPhone Developer";
				COPY_PHASE_STRIP = NO;
				DEBUG_INFORMATION_FORMAT = dwarf;
				ENABLE_STRICT_OBJC_MSGSEND = YES;
				ENABLE_TESTABILITY = YES;
				GCC_C_LANGUAGE_STANDARD = gnu11;
				GCC_DYNAMIC_NO_PIC = NO;
				GCC_NO_COMMON_BLOCKS = YES;
				GCC_OPTIMIZATION_LEVEL = 0;
				GCC_PREPROCESSOR_DEFINITIONS = (
					"DEBUG=1",
					"$(inherited)",
				);
				GCC_WARN_64_TO_32_BIT_CONVERSION = YES;
				GCC_WARN_ABOUT_RETURN_TYPE = YES_ERROR;
				GCC_WARN_UNDECLARED_SELECTOR = YES;
				GCC_WARN_UNINITIALIZED_AUTOS = YES_AGGRESSIVE;
				GCC_WARN_UNUSED_FUNCTION = YES;
				GCC_WARN_UNUSED_VARIABLE = YES;
				IPHONEOS_DEPLOYMENT_TARGET = 12.0;
				MTL_ENABLE_DEBUG_INFO = INCLUDE_SOURCE;
				MTL_FAST_MATH = YES;
				ONLY_ACTIVE_ARCH = YES;
				SDKROOT = iphoneos;
				SWIFT_ACTIVE_COMPILATION_CONDITIONS = DEBUG;
				SWIFT_OPTIMIZATION_LEVEL = "-Onone";
			};
			name = Debug;
		};
		4E54B67D217F97AD00576C0C /* Release */ = {
			isa = XCBuildConfiguration;
			buildSettings = {
				ALWAYS_SEARCH_USER_PATHS = NO;
				CLANG_ANALYZER_NONNULL = YES;
				CLANG_ANALYZER_NUMBER_OBJECT_CONVERSION = YES_AGGRESSIVE;
				CLANG_CXX_LANGUAGE_STANDARD = "gnu++14";
				CLANG_CXX_LIBRARY = "libc++";
				CLANG_ENABLE_MODULES = YES;
				CLANG_ENABLE_OBJC_ARC = YES;
				CLANG_ENABLE_OBJC_WEAK = YES;
				CLANG_WARN_BLOCK_CAPTURE_AUTORELEASING = YES;
				CLANG_WARN_BOOL_CONVERSION = YES;
				CLANG_WARN_COMMA = YES;
				CLANG_WARN_CONSTANT_CONVERSION = YES;
				CLANG_WARN_DEPRECATED_OBJC_IMPLEMENTATIONS = YES;
				CLANG_WARN_DIRECT_OBJC_ISA_USAGE = YES_ERROR;
				CLANG_WARN_DOCUMENTATION_COMMENTS = YES;
				CLANG_WARN_EMPTY_BODY = YES;
				CLANG_WARN_ENUM_CONVERSION = YES;
				CLANG_WARN_INFINITE_RECURSION = YES;
				CLANG_WARN_INT_CONVERSION = YES;
				CLANG_WARN_NON_LITERAL_NULL_CONVERSION = YES;
				CLANG_WARN_OBJC_IMPLICIT_RETAIN_SELF = YES;
				CLANG_WARN_OBJC_LITERAL_CONVERSION = YES;
				CLANG_WARN_OBJC_ROOT_CLASS = YES_ERROR;
				CLANG_WARN_RANGE_LOOP_ANALYSIS = YES;
				CLANG_WARN_STRICT_PROTOTYPES = YES;
				CLANG_WARN_SUSPICIOUS_MOVE = YES;
				CLANG_WARN_UNGUARDED_AVAILABILITY = YES_AGGRESSIVE;
				CLANG_WARN_UNREACHABLE_CODE = YES;
				CLANG_WARN__DUPLICATE_METHOD_MATCH = YES;
				CODE_SIGN_IDENTITY = "iPhone Developer";
				COPY_PHASE_STRIP = NO;
				DEBUG_INFORMATION_FORMAT = "dwarf-with-dsym";
				ENABLE_NS_ASSERTIONS = NO;
				ENABLE_STRICT_OBJC_MSGSEND = YES;
				GCC_C_LANGUAGE_STANDARD = gnu11;
				GCC_NO_COMMON_BLOCKS = YES;
				GCC_WARN_64_TO_32_BIT_CONVERSION = YES;
				GCC_WARN_ABOUT_RETURN_TYPE = YES_ERROR;
				GCC_WARN_UNDECLARED_SELECTOR = YES;
				GCC_WARN_UNINITIALIZED_AUTOS = YES_AGGRESSIVE;
				GCC_WARN_UNUSED_FUNCTION = YES;
				GCC_WARN_UNUSED_VARIABLE = YES;
				IPHONEOS_DEPLOYMENT_TARGET = 12.0;
				MTL_ENABLE_DEBUG_INFO = NO;
				MTL_FAST_MATH = YES;
				SDKROOT = iphoneos;
				SWIFT_COMPILATION_MODE = wholemodule;
				SWIFT_OPTIMIZATION_LEVEL = "-O";
				VALIDATE_PRODUCT = YES;
			};
			name = Release;
		};
		4E54B67F217F97AD00576C0C /* Debug */ = {
			isa = XCBuildConfiguration;
			baseConfigurationReference = 79CE71A3EB434D621FD73BBC /* Pods-ProjectX.debug.xcconfig */;
			buildSettings = {
				ASSETCATALOG_COMPILER_APPICON_NAME = AppIcon;
				CODE_SIGN_STYLE = Automatic;
				DEVELOPMENT_TEAM = PYK34TKJT5;
				INFOPLIST_FILE = ProjectX/Info.plist;
				LD_RUNPATH_SEARCH_PATHS = (
					"$(inherited)",
					"@executable_path/Frameworks",
				);
				PRODUCT_BUNDLE_IDENTIFIER = projectX.ProjectX;
				PRODUCT_NAME = "$(TARGET_NAME)";
				SWIFT_VERSION = 4.2;
				TARGETED_DEVICE_FAMILY = "1,2";
			};
			name = Debug;
		};
		4E54B680217F97AD00576C0C /* Release */ = {
			isa = XCBuildConfiguration;
			baseConfigurationReference = 93F38F0E3D9FFBDF4E48D95A /* Pods-ProjectX.release.xcconfig */;
			buildSettings = {
				ASSETCATALOG_COMPILER_APPICON_NAME = AppIcon;
				CODE_SIGN_STYLE = Automatic;
				DEVELOPMENT_TEAM = PYK34TKJT5;
				INFOPLIST_FILE = ProjectX/Info.plist;
				LD_RUNPATH_SEARCH_PATHS = (
					"$(inherited)",
					"@executable_path/Frameworks",
				);
				PRODUCT_BUNDLE_IDENTIFIER = projectX.ProjectX;
				PRODUCT_NAME = "$(TARGET_NAME)";
				SWIFT_VERSION = 4.2;
				TARGETED_DEVICE_FAMILY = "1,2";
			};
			name = Release;
		};
/* End XCBuildConfiguration section */

/* Begin XCConfigurationList section */
		4E54B667217F97AB00576C0C /* Build configuration list for PBXProject "ProjectX" */ = {
			isa = XCConfigurationList;
			buildConfigurations = (
				4E54B67C217F97AD00576C0C /* Debug */,
				4E54B67D217F97AD00576C0C /* Release */,
			);
			defaultConfigurationIsVisible = 0;
			defaultConfigurationName = Release;
		};
		4E54B67E217F97AD00576C0C /* Build configuration list for PBXNativeTarget "ProjectX" */ = {
			isa = XCConfigurationList;
			buildConfigurations = (
				4E54B67F217F97AD00576C0C /* Debug */,
				4E54B680217F97AD00576C0C /* Release */,
			);
			defaultConfigurationIsVisible = 0;
			defaultConfigurationName = Release;
		};
/* End XCConfigurationList section */
	};
	rootObject = 4E54B664217F97AB00576C0C /* Project object */;
}
